
Microsoft Visual Studio Solution File, Format Version 12.00
# Visual Studio 15
VisualStudioVersion = 15.0.28307.757
MinimumVisualStudioVersion = 10.0.40219.1
Project("{9A19103F-16F7-4668-BE54-9A1E7A4F7556}") = "Backend", "Backend\Backend.csproj", "{83D56FB7-265E-425B-BBFA-56D30E02792B}"
EndProject
Project("{FAE04EC0-301F-11D3-BF4B-00C04F79EFBC}") = "Dummy", "Dummy\Dummy.csproj", "{75414DDA-8BDA-47A1-BA86-C215AE16FB23}"
EndProject
Global
	GlobalSection(SolutionConfigurationPlatforms) = preSolution
		Debug|Any CPU = Debug|Any CPU
		Release|Any CPU = Release|Any CPU
	EndGlobalSection
	GlobalSection(ProjectConfigurationPlatforms) = postSolution
		{83D56FB7-265E-425B-BBFA-56D30E02792B}.Debug|Any CPU.ActiveCfg = Debug|Any CPU
		{83D56FB7-265E-425B-BBFA-56D30E02792B}.Debug|Any CPU.Build.0 = Debug|Any CPU
		{83D56FB7-265E-425B-BBFA-56D30E02792B}.Release|Any CPU.ActiveCfg = Release|Any CPU
		{83D56FB7-265E-425B-BBFA-56D30E02792B}.Release|Any CPU.Build.0 = Release|Any CPU
		{75414DDA-8BDA-47A1-BA86-C215AE16FB23}.Debug|Any CPU.ActiveCfg = Debug|Any CPU
		{75414DDA-8BDA-47A1-BA86-C215AE16FB23}.Release|Any CPU.ActiveCfg = Release|Any CPU
	EndGlobalSection
	GlobalSection(SolutionProperties) = preSolution
		HideSolutionNode = FALSE
	EndGlobalSection
	GlobalSection(ExtensibilityGlobals) = postSolution
		SolutionGuid = {7751F367-B2EC-48FC-B306-E102D779CB6B}
	EndGlobalSection
EndGlobal
